// !$*UTF8*$!
{
	archiveVersion = 1;
	classes = {
	};
	objectVersion = 48;
	objects = {

/* Begin PBXBuildFile section */
		969858A81F6D4F3B00C28BEE /* AppDelegate.swift in Sources */ = {isa = PBXBuildFile; fileRef = 969858A71F6D4F3B00C28BEE /* AppDelegate.swift */; };
		969858AA1F6D4F3B00C28BEE /* ViewController.swift in Sources */ = {isa = PBXBuildFile; fileRef = 969858A91F6D4F3B00C28BEE /* ViewController.swift */; };
		969858AD1F6D4F3B00C28BEE /* Main.storyboard in Resources */ = {isa = PBXBuildFile; fileRef = 969858AB1F6D4F3B00C28BEE /* Main.storyboard */; };
		969858AF1F6D4F3B00C28BEE /* Assets.xcassets in Resources */ = {isa = PBXBuildFile; fileRef = 969858AE1F6D4F3B00C28BEE /* Assets.xcassets */; };
		969858B21F6D4F3B00C28BEE /* LaunchScreen.storyboard in Resources */ = {isa = PBXBuildFile; fileRef = 969858B01F6D4F3B00C28BEE /* LaunchScreen.storyboard */; };
		969858BD1F6D4F3B00C28BEE /* RxSwiftTests.swift in Sources */ = {isa = PBXBuildFile; fileRef = 969858BC1F6D4F3B00C28BEE /* RxSwiftTests.swift */; };
		9C4EF10967E5890E76428BFA /* Pods_RxSwift.framework in Frameworks */ = {isa = PBXBuildFile; fileRef = D3F1911ECC92F0F6008F2325 /* Pods_RxSwift.framework */; };
/* End PBXBuildFile section */

/* Begin PBXContainerItemProxy section */
		969858B91F6D4F3B00C28BEE /* PBXContainerItemProxy */ = {
			isa = PBXContainerItemProxy;
			containerPortal = 9698589C1F6D4F3B00C28BEE /* Project object */;
			proxyType = 1;
			remoteGlobalIDString = 969858A31F6D4F3B00C28BEE;
			remoteInfo = RxSwift;
		};
/* End PBXContainerItemProxy section */

/* Begin PBXFileReference section */
		96663E051F6D4FA100DA2011 /* RxSwiftTest.playground */ = {isa = PBXFileReference; lastKnownFileType = file.playground; path = RxSwiftTest.playground; sourceTree = "<group>"; xcLanguageSpecificationIdentifier = xcode.lang.swift; };
		969858A41F6D4F3B00C28BEE /* RxSwift.app */ = {isa = PBXFileReference; explicitFileType = wrapper.application; includeInIndex = 0; path = RxSwift.app; sourceTree = BUILT_PRODUCTS_DIR; };
		969858A71F6D4F3B00C28BEE /* AppDelegate.swift */ = {isa = PBXFileReference; lastKnownFileType = sourcecode.swift; path = AppDelegate.swift; sourceTree = "<group>"; };
		969858A91F6D4F3B00C28BEE /* ViewController.swift */ = {isa = PBXFileReference; lastKnownFileType = sourcecode.swift; path = ViewController.swift; sourceTree = "<group>"; };
		969858AC1F6D4F3B00C28BEE /* Base */ = {isa = PBXFileReference; lastKnownFileType = file.storyboard; name = Base; path = Base.lproj/Main.storyboard; sourceTree = "<group>"; };
		969858AE1F6D4F3B00C28BEE /* Assets.xcassets */ = {isa = PBXFileReference; lastKnownFileType = folder.assetcatalog; path = Assets.xcassets; sourceTree = "<group>"; };
		969858B11F6D4F3B00C28BEE /* Base */ = {isa = PBXFileReference; lastKnownFileType = file.storyboard; name = Base; path = Base.lproj/LaunchScreen.storyboard; sourceTree = "<group>"; };
		969858B31F6D4F3B00C28BEE /* Info.plist */ = {isa = PBXFileReference; lastKnownFileType = text.plist.xml; path = Info.plist; sourceTree = "<group>"; };
		969858B81F6D4F3B00C28BEE /* RxSwiftTests.xctest */ = {isa = PBXFileReference; explicitFileType = wrapper.cfbundle; includeInIndex = 0; path = RxSwiftTests.xctest; sourceTree = BUILT_PRODUCTS_DIR; };
		969858BC1F6D4F3B00C28BEE /* RxSwiftTests.swift */ = {isa = PBXFileReference; lastKnownFileType = sourcecode.swift; path = RxSwiftTests.swift; sourceTree = "<group>"; };
		969858BE1F6D4F3B00C28BEE /* Info.plist */ = {isa = PBXFileReference; lastKnownFileType = text.plist.xml; path = Info.plist; sourceTree = "<group>"; };
		AD6A9744F5ABD6C0AA56A313 /* Pods-RxSwift.release.xcconfig */ = {isa = PBXFileReference; includeInIndex = 1; lastKnownFileType = text.xcconfig; name = "Pods-RxSwift.release.xcconfig"; path = "Pods/Target Support Files/Pods-RxSwift/Pods-RxSwift.release.xcconfig"; sourceTree = "<group>"; };
		D3F1911ECC92F0F6008F2325 /* Pods_RxSwift.framework */ = {isa = PBXFileReference; explicitFileType = wrapper.framework; includeInIndex = 0; path = Pods_RxSwift.framework; sourceTree = BUILT_PRODUCTS_DIR; };
		E6E36326B5435A46104CE71D /* Pods-RxSwift.debug.xcconfig */ = {isa = PBXFileReference; includeInIndex = 1; lastKnownFileType = text.xcconfig; name = "Pods-RxSwift.debug.xcconfig"; path = "Pods/Target Support Files/Pods-RxSwift/Pods-RxSwift.debug.xcconfig"; sourceTree = "<group>"; };
/* End PBXFileReference section */

/* Begin PBXFrameworksBuildPhase section */
		969858A11F6D4F3B00C28BEE /* Frameworks */ = {
			isa = PBXFrameworksBuildPhase;
			buildActionMask = 2147483647;
			files = (
				9C4EF10967E5890E76428BFA /* Pods_RxSwift.framework in Frameworks */,
			);
			runOnlyForDeploymentPostprocessing = 0;
		};
		969858B51F6D4F3B00C28BEE /* Frameworks */ = {
			isa = PBXFrameworksBuildPhase;
			buildActionMask = 2147483647;
			files = (
			);
			runOnlyForDeploymentPostprocessing = 0;
		};
/* End PBXFrameworksBuildPhase section */

/* Begin PBXGroup section */
		755AFFD54AAF0070CCE6FE5A /* Pods */ = {
			isa = PBXGroup;
			children = (
				E6E36326B5435A46104CE71D /* Pods-RxSwift.debug.xcconfig */,
				AD6A9744F5ABD6C0AA56A313 /* Pods-RxSwift.release.xcconfig */,
			);
			name = Pods;
			sourceTree = "<group>";
		};
		9698589B1F6D4F3B00C28BEE = {
			isa = PBXGroup;
			children = (
				96663E051F6D4FA100DA2011 /* RxSwiftTest.playground */,
				969858A61F6D4F3B00C28BEE /* RxSwift */,
				969858BB1F6D4F3B00C28BEE /* RxSwiftTests */,
				969858A51F6D4F3B00C28BEE /* Products */,
				755AFFD54AAF0070CCE6FE5A /* Pods */,
				DB45C4FD4182ED9505953CC9 /* Frameworks */,
			);
			sourceTree = "<group>";
		};
		969858A51F6D4F3B00C28BEE /* Products */ = {
			isa = PBXGroup;
			children = (
				969858A41F6D4F3B00C28BEE /* RxSwift.app */,
				969858B81F6D4F3B00C28BEE /* RxSwiftTests.xctest */,
			);
			name = Products;
			sourceTree = "<group>";
		};
		969858A61F6D4F3B00C28BEE /* RxSwift */ = {
			isa = PBXGroup;
			children = (
				969858A71F6D4F3B00C28BEE /* AppDelegate.swift */,
				969858A91F6D4F3B00C28BEE /* ViewController.swift */,
				969858AB1F6D4F3B00C28BEE /* Main.storyboard */,
				969858AE1F6D4F3B00C28BEE /* Assets.xcassets */,
				969858B01F6D4F3B00C28BEE /* LaunchScreen.storyboard */,
				969858B31F6D4F3B00C28BEE /* Info.plist */,
			);
			path = RxSwift;
			sourceTree = "<group>";
		};
		969858BB1F6D4F3B00C28BEE /* RxSwiftTests */ = {
			isa = PBXGroup;
			children = (
				969858BC1F6D4F3B00C28BEE /* RxSwiftTests.swift */,
				969858BE1F6D4F3B00C28BEE /* Info.plist */,
			);
			path = RxSwiftTests;
			sourceTree = "<group>";
		};
		DB45C4FD4182ED9505953CC9 /* Frameworks */ = {
			isa = PBXGroup;
			children = (
				D3F1911ECC92F0F6008F2325 /* Pods_RxSwift.framework */,
			);
			name = Frameworks;
			sourceTree = "<group>";
		};
/* End PBXGroup section */

/* Begin PBXNativeTarget section */
		969858A31F6D4F3B00C28BEE /* RxSwift */ = {
			isa = PBXNativeTarget;
			buildConfigurationList = 969858C11F6D4F3B00C28BEE /* Build configuration list for PBXNativeTarget "RxSwift" */;
			buildPhases = (
				6FECD20EC5F25B3D071A62E8 /* [CP] Check Pods Manifest.lock */,
				969858A01F6D4F3B00C28BEE /* Sources */,
				969858A11F6D4F3B00C28BEE /* Frameworks */,
				969858A21F6D4F3B00C28BEE /* Resources */,
				799BA750DE533CC8C6DEC378 /* [CP] Embed Pods Frameworks */,
			);
			buildRules = (
			);
			dependencies = (
			);
			name = RxSwift;
			productName = RxSwift;
			productReference = 969858A41F6D4F3B00C28BEE /* RxSwift.app */;
			productType = "com.apple.product-type.application";
		};
		969858B71F6D4F3B00C28BEE /* RxSwiftTests */ = {
			isa = PBXNativeTarget;
			buildConfigurationList = 969858C41F6D4F3B00C28BEE /* Build configuration list for PBXNativeTarget "RxSwiftTests" */;
			buildPhases = (
				969858B41F6D4F3B00C28BEE /* Sources */,
				969858B51F6D4F3B00C28BEE /* Frameworks */,
				969858B61F6D4F3B00C28BEE /* Resources */,
			);
			buildRules = (
			);
			dependencies = (
				969858BA1F6D4F3B00C28BEE /* PBXTargetDependency */,
			);
			name = RxSwiftTests;
			productName = RxSwiftTests;
			productReference = 969858B81F6D4F3B00C28BEE /* RxSwiftTests.xctest */;
			productType = "com.apple.product-type.bundle.unit-test";
		};
/* End PBXNativeTarget section */

/* Begin PBXProject section */
		9698589C1F6D4F3B00C28BEE /* Project object */ = {
			isa = PBXProject;
			attributes = {
				LastSwiftUpdateCheck = 0900;
				LastUpgradeCheck = 0900;
				ORGANIZATIONNAME = nk5;
				TargetAttributes = {
					969858A31F6D4F3B00C28BEE = {
						CreatedOnToolsVersion = 9.0;
						ProvisioningStyle = Automatic;
					};
					969858B71F6D4F3B00C28BEE = {
						CreatedOnToolsVersion = 9.0;
						ProvisioningStyle = Automatic;
						TestTargetID = 969858A31F6D4F3B00C28BEE;
					};
				};
			};
			buildConfigurationList = 9698589F1F6D4F3B00C28BEE /* Build configuration list for PBXProject "RxSwift" */;
			compatibilityVersion = "Xcode 8.0";
			developmentRegion = en;
			hasScannedForEncodings = 0;
			knownRegions = (
				en,
				Base,
			);
			mainGroup = 9698589B1F6D4F3B00C28BEE;
			productRefGroup = 969858A51F6D4F3B00C28BEE /* Products */;
			projectDirPath = "";
			projectRoot = "";
			targets = (
				969858A31F6D4F3B00C28BEE /* RxSwift */,
				969858B71F6D4F3B00C28BEE /* RxSwiftTests */,
			);
		};
/* End PBXProject section */

/* Begin PBXResourcesBuildPhase section */
		969858A21F6D4F3B00C28BEE /* Resources */ = {
			isa = PBXResourcesBuildPhase;
			buildActionMask = 2147483647;
			files = (
				969858B21F6D4F3B00C28BEE /* LaunchScreen.storyboard in Resources */,
				969858AF1F6D4F3B00C28BEE /* Assets.xcassets in Resources */,
				969858AD1F6D4F3B00C28BEE /* Main.storyboard in Resources */,
			);
			runOnlyForDeploymentPostprocessing = 0;
		};
		969858B61F6D4F3B00C28BEE /* Resources */ = {
			isa = PBXResourcesBuildPhase;
			buildActionMask = 2147483647;
			files = (
			);
			runOnlyForDeploymentPostprocessing = 0;
		};
/* End PBXResourcesBuildPhase section */

/* Begin PBXShellScriptBuildPhase section */
		6FECD20EC5F25B3D071A62E8 /* [CP] Check Pods Manifest.lock */ = {
			isa = PBXShellScriptBuildPhase;
			buildActionMask = 2147483647;
			files = (
			);
			inputPaths = (
				"${PODS_PODFILE_DIR_PATH}/Podfile.lock",
				"${PODS_ROOT}/Manifest.lock",
			);
			name = "[CP] Check Pods Manifest.lock";
			outputPaths = (
				"$(DERIVED_FILE_DIR)/Pods-RxSwift-checkManifestLockResult.txt",
			);
			runOnlyForDeploymentPostprocessing = 0;
			shellPath = /bin/sh;
			shellScript = "diff \"${PODS_PODFILE_DIR_PATH}/Podfile.lock\" \"${PODS_ROOT}/Manifest.lock\" > /dev/null\nif [ $? != 0 ] ; then\n    # print error to STDERR\n    echo \"error: The sandbox is not in sync with the Podfile.lock. Run 'pod install' or update your CocoaPods installation.\" >&2\n    exit 1\nfi\n# This output is used by Xcode 'outputs' to avoid re-running this script phase.\necho \"SUCCESS\" > \"${SCRIPT_OUTPUT_FILE_0}\"\n";
			showEnvVarsInLog = 0;
		};
		799BA750DE533CC8C6DEC378 /* [CP] Embed Pods Frameworks */ = {
			isa = PBXShellScriptBuildPhase;
			buildActionMask = 2147483647;
			files = (
			);
			inputPaths = (
				"${SRCROOT}/Pods/Target Support Files/Pods-RxSwift/Pods-RxSwift-frameworks.sh",
				"${BUILT_PRODUCTS_DIR}/RxSwift/RxSwift.framework",
			);
			name = "[CP] Embed Pods Frameworks";
			outputPaths = (
				"${TARGET_BUILD_DIR}/${FRAMEWORKS_FOLDER_PATH}/RxSwift.framework",
			);
			runOnlyForDeploymentPostprocessing = 0;
			shellPath = /bin/sh;
			shellScript = "\"${SRCROOT}/Pods/Target Support Files/Pods-RxSwift/Pods-RxSwift-frameworks.sh\"\n";
			showEnvVarsInLog = 0;
		};
/* End PBXShellScriptBuildPhase section */

/* Begin PBXSourcesBuildPhase section */
		969858A01F6D4F3B00C28BEE /* Sources */ = {
			isa = PBXSourcesBuildPhase;
			buildActionMask = 2147483647;
			files = (
				969858AA1F6D4F3B00C28BEE /* ViewController.swift in Sources */,
				969858A81F6D4F3B00C28BEE /* AppDelegate.swift in Sources */,
			);
			runOnlyForDeploymentPostprocessing = 0;
		};
		969858B41F6D4F3B00C28BEE /* Sources */ = {
			isa = PBXSourcesBuildPhase;
			buildActionMask = 2147483647;
			files = (
				969858BD1F6D4F3B00C28BEE /* RxSwiftTests.swift in Sources */,
			);
			runOnlyForDeploymentPostprocessing = 0;
		};
/* End PBXSourcesBuildPhase section */

/* Begin PBXTargetDependency section */
		969858BA1F6D4F3B00C28BEE /* PBXTargetDependency */ = {
			isa = PBXTargetDependency;
			target = 969858A31F6D4F3B00C28BEE /* RxSwift */;
			targetProxy = 969858B91F6D4F3B00C28BEE /* PBXContainerItemProxy */;
		};
/* End PBXTargetDependency section */

/* Begin PBXVariantGroup section */
		969858AB1F6D4F3B00C28BEE /* Main.storyboard */ = {
			isa = PBXVariantGroup;
			children = (
				969858AC1F6D4F3B00C28BEE /* Base */,
			);
			name = Main.storyboard;
			sourceTree = "<group>";
		};
		969858B01F6D4F3B00C28BEE /* LaunchScreen.storyboard */ = {
			isa = PBXVariantGroup;
			children = (
				969858B11F6D4F3B00C28BEE /* Base */,
			);
			name = LaunchScreen.storyboard;
			sourceTree = "<group>";
		};
/* End PBXVariantGroup section */

/* Begin XCBuildConfiguration section */
		969858BF1F6D4F3B00C28BEE /* Debug */ = {
			isa = XCBuildConfiguration;
			buildSettings = {
				ALWAYS_SEARCH_USER_PATHS = NO;
				CLANG_ANALYZER_NONNULL = YES;
				CLANG_ANALYZER_NUMBER_OBJECT_CONVERSION = YES_AGGRESSIVE;
				CLANG_CXX_LANGUAGE_STANDARD = "gnu++14";
				CLANG_CXX_LIBRARY = "libc++";
				CLANG_ENABLE_MODULES = YES;
				CLANG_ENABLE_OBJC_ARC = YES;
				CLANG_WARN_BLOCK_CAPTURE_AUTORELEASING = YES;
				CLANG_WARN_BOOL_CONVERSION = YES;
				CLANG_WARN_COMMA = YES;
				CLANG_WARN_CONSTANT_CONVERSION = YES;
				CLANG_WARN_DIRECT_OBJC_ISA_USAGE = YES_ERROR;
				CLANG_WARN_DOCUMENTATION_COMMENTS = YES;
				CLANG_WARN_EMPTY_BODY = YES;
				CLANG_WARN_ENUM_CONVERSION = YES;
				CLANG_WARN_INFINITE_RECURSION = YES;
				CLANG_WARN_INT_CONVERSION = YES;
				CLANG_WARN_NON_LITERAL_NULL_CONVERSION = YES;
				CLANG_WARN_OBJC_LITERAL_CONVERSION = YES;
				CLANG_WARN_OBJC_ROOT_CLASS = YES_ERROR;
				CLANG_WARN_RANGE_LOOP_ANALYSIS = YES;
				CLANG_WARN_STRICT_PROTOTYPES = YES;
				CLANG_WARN_SUSPICIOUS_MOVE = YES;
				CLANG_WARN_UNGUARDED_AVAILABILITY = YES_AGGRESSIVE;
				CLANG_WARN_UNREACHABLE_CODE = YES;
				CLANG_WARN__DUPLICATE_METHOD_MATCH = YES;
				CODE_SIGN_IDENTITY = "iPhone Developer";
				COPY_PHASE_STRIP = NO;
				DEBUG_INFORMATION_FORMAT = dwarf;
				ENABLE_STRICT_OBJC_MSGSEND = YES;
				ENABLE_TESTABILITY = YES;
				GCC_C_LANGUAGE_STANDARD = gnu11;
				GCC_DYNAMIC_NO_PIC = NO;
				GCC_NO_COMMON_BLOCKS = YES;
				GCC_OPTIMIZATION_LEVEL = 0;
				GCC_PREPROCESSOR_DEFINITIONS = (
					"DEBUG=1",
					"$(inherited)",
				);
				GCC_WARN_64_TO_32_BIT_CONVERSION = YES;
				GCC_WARN_ABOUT_RETURN_TYPE = YES_ERROR;
				GCC_WARN_UNDECLARED_SELECTOR = YES;
				GCC_WARN_UNINITIALIZED_AUTOS = YES_AGGRESSIVE;
				GCC_WARN_UNUSED_FUNCTION = YES;
				GCC_WARN_UNUSED_VARIABLE = YES;
				IPHONEOS_DEPLOYMENT_TARGET = 11.0;
				MTL_ENABLE_DEBUG_INFO = YES;
				ONLY_ACTIVE_ARCH = YES;
				SDKROOT = iphoneos;
				SWIFT_ACTIVE_COMPILATION_CONDITIONS = DEBUG;
				SWIFT_OPTIMIZATION_LEVEL = "-Onone";
				SWIFT_VERSION = 3.0;
			};
			name = Debug;
		};
		969858C01F6D4F3B00C28BEE /* Release */ = {
			isa = XCBuildConfiguration;
			buildSettings = {
				ALWAYS_SEARCH_USER_PATHS = NO;
				CLANG_ANALYZER_NONNULL = YES;
				CLANG_ANALYZER_NUMBER_OBJECT_CONVERSION = YES_AGGRESSIVE;
				CLANG_CXX_LANGUAGE_STANDARD = "gnu++14";
				CLANG_CXX_LIBRARY = "libc++";
				CLANG_ENABLE_MODULES = YES;
				CLANG_ENABLE_OBJC_ARC = YES;
				CLANG_WARN_BLOCK_CAPTURE_AUTORELEASING = YES;
				CLANG_WARN_BOOL_CONVERSION = YES;
				CLANG_WARN_COMMA = YES;
				CLANG_WARN_CONSTANT_CONVERSION = YES;
				CLANG_WARN_DIRECT_OBJC_ISA_USAGE = YES_ERROR;
				CLANG_WARN_DOCUMENTATION_COMMENTS = YES;
				CLANG_WARN_EMPTY_BODY = YES;
				CLANG_WARN_ENUM_CONVERSION = YES;
				CLANG_WARN_INFINITE_RECURSION = YES;
				CLANG_WARN_INT_CONVERSION = YES;
				CLANG_WARN_NON_LITERAL_NULL_CONVERSION = YES;
				CLANG_WARN_OBJC_LITERAL_CONVERSION = YES;
				CLANG_WARN_OBJC_ROOT_CLASS = YES_ERROR;
				CLANG_WARN_RANGE_LOOP_ANALYSIS = YES;
				CLANG_WARN_STRICT_PROTOTYPES = YES;
				CLANG_WARN_SUSPICIOUS_MOVE = YES;
				CLANG_WARN_UNGUARDED_AVAILABILITY = YES_AGGRESSIVE;
				CLANG_WARN_UNREACHABLE_CODE = YES;
				CLANG_WARN__DUPLICATE_METHOD_MATCH = YES;
				CODE_SIGN_IDENTITY = "iPhone Developer";
				COPY_PHASE_STRIP = NO;
				DEBUG_INFORMATION_FORMAT = "dwarf-with-dsym";
				ENABLE_NS_ASSERTIONS = NO;
				ENABLE_STRICT_OBJC_MSGSEND = YES;
				GCC_C_LANGUAGE_STANDARD = gnu11;
				GCC_NO_COMMON_BLOCKS = YES;
				GCC_WARN_64_TO_32_BIT_CONVERSION = YES;
				GCC_WARN_ABOUT_RETURN_TYPE = YES_ERROR;
				GCC_WARN_UNDECLARED_SELECTOR = YES;
				GCC_WARN_UNINITIALIZED_AUTOS = YES_AGGRESSIVE;
				GCC_WARN_UNUSED_FUNCTION = YES;
				GCC_WARN_UNUSED_VARIABLE = YES;
				IPHONEOS_DEPLOYMENT_TARGET = 11.0;
				MTL_ENABLE_DEBUG_INFO = NO;
				SDKROOT = iphoneos;
				SWIFT_OPTIMIZATION_LEVEL = "-Owholemodule";
				SWIFT_VERSION = 3.0;
				VALIDATE_PRODUCT = YES;
			};
			name = Release;
		};
		969858C21F6D4F3B00C28BEE /* Debug */ = {
			isa = XCBuildConfiguration;
			baseConfigurationReference = E6E36326B5435A46104CE71D /* Pods-RxSwift.debug.xcconfig */;
			buildSettings = {
				ASSETCATALOG_COMPILER_APPICON_NAME = AppIcon;
				CODE_SIGN_STYLE = Automatic;
				DEVELOPMENT_TEAM = BLW6494YEW;
				INFOPLIST_FILE = RxSwift/Info.plist;
				IPHONEOS_DEPLOYMENT_TARGET = 9.0;
				LD_RUNPATH_SEARCH_PATHS = "$(inherited) @executable_path/Frameworks";
				PRODUCT_BUNDLE_IDENTIFIER = jp.nk5.RxSwift;
				PRODUCT_NAME = "$(TARGET_NAME)";
				SWIFT_VERSION = 3.0;
				TARGETED_DEVICE_FAMILY = "1,2";
			};
			name = Debug;
		};
		969858C31F6D4F3B00C28BEE /* Release */ = {
			isa = XCBuildConfiguration;
			baseConfigurationReference = AD6A9744F5ABD6C0AA56A313 /* Pods-RxSwift.release.xcconfig */;
			buildSettings = {
				ASSETCATALOG_COMPILER_APPICON_NAME = AppIcon;
				CODE_SIGN_STYLE = Automatic;
				DEVELOPMENT_TEAM = BLW6494YEW;
				INFOPLIST_FILE = RxSwift/Info.plist;
				IPHONEOS_DEPLOYMENT_TARGET = 9.0;
				LD_RUNPATH_SEARCH_PATHS = "$(inherited) @executable_path/Frameworks";
				PRODUCT_BUNDLE_IDENTIFIER = jp.nk5.RxSwift;
				PRODUCT_NAME = "$(TARGET_NAME)";
				SWIFT_VERSION = 3.0;
				TARGETED_DEVICE_FAMILY = "1,2";
			};
			name = Release;
		};
		969858C51F6D4F3B00C28BEE /* Debug */ = {
			isa = XCBuildConfiguration;
			buildSettings = {
				ALWAYS_EMBED_SWIFT_STANDARD_LIBRARIES = YES;
				BUNDLE_LOADER = "$(TEST_HOST)";
				CODE_SIGN_STYLE = Automatic;
				DEVELOPMENT_TEAM = BLW6494YEW;
				INFOPLIST_FILE = RxSwiftTests/Info.plist;
				LD_RUNPATH_SEARCH_PATHS = "$(inherited) @executable_path/Frameworks @loader_path/Frameworks";
				PRODUCT_BUNDLE_IDENTIFIER = jp.nk5.RxSwiftTests;
				PRODUCT_NAME = "$(TARGET_NAME)";
				SWIFT_VERSION = 4.0;
				TARGETED_DEVICE_FAMILY = "1,2";
				TEST_HOST = "$(BUILT_PRODUCTS_DIR)/RxSwift.app/RxSwift";
			};
			name = Debug;
		};
		969858C61F6D4F3B00C28BEE /* Release */ = {
			isa = XCBuildConfiguration;
			buildSettings = {
				ALWAYS_EMBED_SWIFT_STANDARD_LIBRARIES = YES;
				BUNDLE_LOADER = "$(TEST_HOST)";
				CODE_SIGN_STYLE = Automatic;
				DEVELOPMENT_TEAM = BLW6494YEW;
				INFOPLIST_FILE = RxSwiftTests/Info.plist;
				LD_RUNPATH_SEARCH_PATHS = "$(inherited) @executable_path/Frameworks @loader_path/Frameworks";
				PRODUCT_BUNDLE_IDENTIFIER = jp.nk5.RxSwiftTests;
				PRODUCT_NAME = "$(TARGET_NAME)";
				SWIFT_VERSION = 4.0;
				TARGETED_DEVICE_FAMILY = "1,2";
				TEST_HOST = "$(BUILT_PRODUCTS_DIR)/RxSwift.app/RxSwift";
			};
			name = Release;
		};
/* End XCBuildConfiguration section */

/* Begin XCConfigurationList section */
		9698589F1F6D4F3B00C28BEE /* Build configuration list for PBXProject "RxSwift" */ = {
			isa = XCConfigurationList;
			buildConfigurations = (
				969858BF1F6D4F3B00C28BEE /* Debug */,
				969858C01F6D4F3B00C28BEE /* Release */,
			);
			defaultConfigurationIsVisible = 0;
			defaultConfigurationName = Release;
		};
		969858C11F6D4F3B00C28BEE /* Build configuration list for PBXNativeTarget "RxSwift" */ = {
			isa = XCConfigurationList;
			buildConfigurations = (
				969858C21F6D4F3B00C28BEE /* Debug */,
				969858C31F6D4F3B00C28BEE /* Release */,
			);
			defaultConfigurationIsVisible = 0;
			defaultConfigurationName = Release;
		};
		969858C41F6D4F3B00C28BEE /* Build configuration list for PBXNativeTarget "RxSwiftTests" */ = {
			isa = XCConfigurationList;
			buildConfigurations = (
				969858C51F6D4F3B00C28BEE /* Debug */,
				969858C61F6D4F3B00C28BEE /* Release */,
			);
			defaultConfigurationIsVisible = 0;
			defaultConfigurationName = Release;
		};
/* End XCConfigurationList section */
	};
	rootObject = 9698589C1F6D4F3B00C28BEE /* Project object */;
}
